PODS:
  - AFNetworking (2.6.0):
    - AFNetworking/NSURLConnection (= 2.6.0)
    - AFNetworking/NSURLSession (= 2.6.0)
    - AFNetworking/Reachability (= 2.6.0)
    - AFNetworking/Security (= 2.6.0)
    - AFNetworking/Serialization (= 2.6.0)
    - AFNetworking/UIKit (= 2.6.0)
  - AFNetworking/NSURLConnection (2.6.0):
    - AFNetworking/Reachability
    - AFNetworking/Security
    - AFNetworking/Serialization
  - AFNetworking/NSURLSession (2.6.0):
    - AFNetworking/Reachability
    - AFNetworking/Security
    - AFNetworking/Serialization
  - AFNetworking/Reachability (2.6.0)
  - AFNetworking/Security (2.6.0)
  - AFNetworking/Serialization (2.6.0)
  - AFNetworking/UIKit (2.6.0):
    - AFNetworking/NSURLConnection
    - AFNetworking/NSURLSession
  - CNPPopupController (0.3.1)
  - EAIntroView (2.7.4):
    - EARestrictedScrollView (~> 0.2.0)
  - EARestrictedScrollView (0.2.0)
  - MBProgressHUD (0.9.1)
  - NYSegmentedControl (1.0.7)

DEPENDENCIES:
  - AFNetworking (~> 2.0)
  - CNPPopupController
  - EAIntroView (~> 2.7.0)
  - MBProgressHUD (~> 0.9.1)
  - NYSegmentedControl

SPEC CHECKSUMS:
  AFNetworking: 79f7eb1a0fcfa7beb409332b2ca49afe9ce53b05
  CNPPopupController: 67dc2ca5a3f88cd49a27bb1b0aeb78a24d423d79
  EAIntroView: 50b85eedf414260e61330070ffe5947e72493a62
  EARestrictedScrollView: f86d61e16c61d3e93c84f8e96e83122a2a3b7631
  MBProgressHUD: c47f2c166c126cf2ce36498d80f33e754d4e93ad
  NYSegmentedControl: 55b4f9eb652767cae9799623ec3e49e50029ef47

COCOAPODS: 0.39.0
