PODS:
  - CNPPopupController (0.3.3)
  - EAIntroView (2.10.0):
    - EARestrictedScrollView (~> 1.1.0)
  - EARestrictedScrollView (1.1.0)
  - MBProgressHUD (1.0.0)
  - NYSegmentedControl (1.1.0)

DEPENDENCIES:
  - CNPPopupController
  - EAIntroView
  - MBProgressHUD
  - NYSegmentedControl

SPEC CHECKSUMS:
  CNPPopupController: 59b06290762f68beab5fb0bbfa87eb4dcbefb7de
  EAIntroView: 3494b7bbd1212e3a4f7e8d16194a1b00e7b9abb2
  EARestrictedScrollView: b0c2a3f92fb2610bb44d71c5e4893777c89e45ef
  MBProgressHUD: 4890f671c94e8a0f3cf959aa731e9de2f036d71a
  NYSegmentedControl: a92726c9e459919549f94328389ffcdaecefebfe

PODFILE CHECKSUM: de30dcd5fb3f430bc1114658e19229d8faae9334

COCOAPODS: 1.3.1
