// !$*UTF8*$!
{
	archiveVersion = 1;
	classes = {
	};
	objectVersion = 46;
	objects = {

/* Begin PBXBuildFile section */
		662D038B1BB76BFE0035AD9E /* IWCAboutPageBuilder.m in Sources */ = {isa = PBXBuildFile; fileRef = 662D038A1BB76BFE0035AD9E /* IWCAboutPageBuilder.m */; };
		662D038D1BB78B6B0035AD9E /* Picture Attributions in Resources */ = {isa = PBXBuildFile; fileRef = 662D038C1BB78B6B0035AD9E /* Picture Attributions */; };
		667658221EB0425900F708DC /* IWCNetworkRequestHandler.m in Sources */ = {isa = PBXBuildFile; fileRef = 667658211EB0425900F708DC /* IWCNetworkRequestHandler.m */; };
		66959EBE1BB4B57C00B4A1E5 /* CurrentUser.m in Sources */ = {isa = PBXBuildFile; fileRef = 66959EBD1BB4B57C00B4A1E5 /* CurrentUser.m */; };
		66959EC11BB4B9A600B4A1E5 /* IWCDataController.m in Sources */ = {isa = PBXBuildFile; fileRef = 66959EC01BB4B9A600B4A1E5 /* IWCDataController.m */; };
		66959EC61BB4D33400B4A1E5 /* Coffee.png in Resources */ = {isa = PBXBuildFile; fileRef = 66959EC51BB4D33400B4A1E5 /* Coffee.png */; };
		66959F0A1BB4D55100B4A1E5 /* CoffeeArt.png in Resources */ = {isa = PBXBuildFile; fileRef = 66959F091BB4D55100B4A1E5 /* CoffeeArt.png */; };
		66959F0E1BB4D62700B4A1E5 /* UIImage+ImageEffects.m in Sources */ = {isa = PBXBuildFile; fileRef = 66959F0D1BB4D62700B4A1E5 /* UIImage+ImageEffects.m */; };
		66959F111BB4EB1400B4A1E5 /* UIColor+IWCColors.m in Sources */ = {isa = PBXBuildFile; fileRef = 66959F101BB4EB1400B4A1E5 /* UIColor+IWCColors.m */; };
		66A770711BB4AA9100DD7A1B /* main.m in Sources */ = {isa = PBXBuildFile; fileRef = 66A770701BB4AA9100DD7A1B /* main.m */; };
		66A770741BB4AA9100DD7A1B /* AppDelegate.m in Sources */ = {isa = PBXBuildFile; fileRef = 66A770731BB4AA9100DD7A1B /* AppDelegate.m */; };
		66A770771BB4AA9100DD7A1B /* MapViewController.m in Sources */ = {isa = PBXBuildFile; fileRef = 66A770761BB4AA9100DD7A1B /* MapViewController.m */; };
		66A7707A1BB4AA9100DD7A1B /* Main.storyboard in Resources */ = {isa = PBXBuildFile; fileRef = 66A770781BB4AA9100DD7A1B /* Main.storyboard */; };
		66A7707C1BB4AA9100DD7A1B /* Assets.xcassets in Resources */ = {isa = PBXBuildFile; fileRef = 66A7707B1BB4AA9100DD7A1B /* Assets.xcassets */; };
		66A7707F1BB4AA9100DD7A1B /* LaunchScreen.storyboard in Resources */ = {isa = PBXBuildFile; fileRef = 66A7707D1BB4AA9100DD7A1B /* LaunchScreen.storyboard */; };
		66A7708A1BB4AA9100DD7A1B /* I_Want_CoffeeTests.m in Sources */ = {isa = PBXBuildFile; fileRef = 66A770891BB4AA9100DD7A1B /* I_Want_CoffeeTests.m */; };
		66A770951BB4AA9100DD7A1B /* I_Want_CoffeeUITests.m in Sources */ = {isa = PBXBuildFile; fileRef = 66A770941BB4AA9100DD7A1B /* I_Want_CoffeeUITests.m */; };
		66AA247F1BB60697004977C2 /* FoursquareResponseParser.m in Sources */ = {isa = PBXBuildFile; fileRef = 66AA247E1BB60697004977C2 /* FoursquareResponseParser.m */; };
		66AA24821BB606CA004977C2 /* IWCShop.m in Sources */ = {isa = PBXBuildFile; fileRef = 66AA24811BB606CA004977C2 /* IWCShop.m */; };
		66AA24861BB62A84004977C2 /* IWCMapAnnotation.m in Sources */ = {isa = PBXBuildFile; fileRef = 66AA24851BB62A84004977C2 /* IWCMapAnnotation.m */; };
		66AA24891BB62FB2004977C2 /* IWCShopDetailViewController.m in Sources */ = {isa = PBXBuildFile; fileRef = 66AA24881BB62FB2004977C2 /* IWCShopDetailViewController.m */; };
		66AA248F1BB74ADE004977C2 /* IWCDetailTableViewCell.m in Sources */ = {isa = PBXBuildFile; fileRef = 66AA248E1BB74ADD004977C2 /* IWCDetailTableViewCell.m */; };
		88D1675A382C69009E73633F /* libPods-I Want Tea.a in Frameworks */ = {isa = PBXBuildFile; fileRef = 9DF25A270EE5B1E5C8F30C49 /* libPods-I Want Tea.a */; };
/* End PBXBuildFile section */

/* Begin PBXContainerItemProxy section */
		66A770861BB4AA9100DD7A1B /* PBXContainerItemProxy */ = {
			isa = PBXContainerItemProxy;
			containerPortal = 66A770641BB4AA9100DD7A1B /* Project object */;
			proxyType = 1;
			remoteGlobalIDString = 66A7706B1BB4AA9100DD7A1B;
			remoteInfo = "I Want Coffee";
		};
		66A770911BB4AA9100DD7A1B /* PBXContainerItemProxy */ = {
			isa = PBXContainerItemProxy;
			containerPortal = 66A770641BB4AA9100DD7A1B /* Project object */;
			proxyType = 1;
			remoteGlobalIDString = 66A7706B1BB4AA9100DD7A1B;
			remoteInfo = "I Want Coffee";
		};
/* End PBXContainerItemProxy section */

/* Begin PBXFileReference section */
		1E973B01876AB2E6BDCAD4DD /* Pods-I Want Tea.debug.xcconfig */ = {isa = PBXFileReference; includeInIndex = 1; lastKnownFileType = text.xcconfig; name = "Pods-I Want Tea.debug.xcconfig"; path = "Pods/Target Support Files/Pods-I Want Tea/Pods-I Want Tea.debug.xcconfig"; sourceTree = "<group>"; };
		662D03891BB76BFE0035AD9E /* IWCAboutPageBuilder.h */ = {isa = PBXFileReference; fileEncoding = 4; lastKnownFileType = sourcecode.c.h; name = IWCAboutPageBuilder.h; path = Functional/IWCAboutPageBuilder.h; sourceTree = "<group>"; };
		662D038A1BB76BFE0035AD9E /* IWCAboutPageBuilder.m */ = {isa = PBXFileReference; fileEncoding = 4; lastKnownFileType = sourcecode.c.objc; name = IWCAboutPageBuilder.m; path = Functional/IWCAboutPageBuilder.m; sourceTree = "<group>"; };
		662D038C1BB78B6B0035AD9E /* Picture Attributions */ = {isa = PBXFileReference; fileEncoding = 4; lastKnownFileType = text; path = "Picture Attributions"; sourceTree = "<group>"; };
		667658201EB0425900F708DC /* IWCNetworkRequestHandler.h */ = {isa = PBXFileReference; fileEncoding = 4; lastKnownFileType = sourcecode.c.h; name = IWCNetworkRequestHandler.h; path = "Other Controllers/IWCNetworkRequestHandler.h"; sourceTree = "<group>"; };
		667658211EB0425900F708DC /* IWCNetworkRequestHandler.m */ = {isa = PBXFileReference; fileEncoding = 4; lastKnownFileType = sourcecode.c.objc; name = IWCNetworkRequestHandler.m; path = "Other Controllers/IWCNetworkRequestHandler.m"; sourceTree = "<group>"; };
		66959EBC1BB4B57C00B4A1E5 /* CurrentUser.h */ = {isa = PBXFileReference; fileEncoding = 4; lastKnownFileType = sourcecode.c.h; name = CurrentUser.h; path = Models/CurrentUser.h; sourceTree = "<group>"; };
		66959EBD1BB4B57C00B4A1E5 /* CurrentUser.m */ = {isa = PBXFileReference; fileEncoding = 4; lastKnownFileType = sourcecode.c.objc; name = CurrentUser.m; path = Models/CurrentUser.m; sourceTree = "<group>"; };
		66959EBF1BB4B9A600B4A1E5 /* IWCDataController.h */ = {isa = PBXFileReference; fileEncoding = 4; lastKnownFileType = sourcecode.c.h; name = IWCDataController.h; path = "Other Controllers/IWCDataController.h"; sourceTree = "<group>"; };
		66959EC01BB4B9A600B4A1E5 /* IWCDataController.m */ = {isa = PBXFileReference; fileEncoding = 4; lastKnownFileType = sourcecode.c.objc; name = IWCDataController.m; path = "Other Controllers/IWCDataController.m"; sourceTree = "<group>"; };
		66959EC51BB4D33400B4A1E5 /* Coffee.png */ = {isa = PBXFileReference; lastKnownFileType = image.png; path = Coffee.png; sourceTree = "<group>"; };
		66959F091BB4D55100B4A1E5 /* CoffeeArt.png */ = {isa = PBXFileReference; lastKnownFileType = image.png; path = CoffeeArt.png; sourceTree = "<group>"; };
		66959F0C1BB4D62700B4A1E5 /* UIImage+ImageEffects.h */ = {isa = PBXFileReference; fileEncoding = 4; lastKnownFileType = sourcecode.c.h; name = "UIImage+ImageEffects.h"; path = "Categories/UIImage+ImageEffects.h"; sourceTree = "<group>"; };
		66959F0D1BB4D62700B4A1E5 /* UIImage+ImageEffects.m */ = {isa = PBXFileReference; fileEncoding = 4; lastKnownFileType = sourcecode.c.objc; name = "UIImage+ImageEffects.m"; path = "Categories/UIImage+ImageEffects.m"; sourceTree = "<group>"; };
		66959F0F1BB4EB1400B4A1E5 /* UIColor+IWCColors.h */ = {isa = PBXFileReference; fileEncoding = 4; lastKnownFileType = sourcecode.c.h; name = "UIColor+IWCColors.h"; path = "Categories/UIColor+IWCColors.h"; sourceTree = "<group>"; };
		66959F101BB4EB1400B4A1E5 /* UIColor+IWCColors.m */ = {isa = PBXFileReference; fileEncoding = 4; lastKnownFileType = sourcecode.c.objc; name = "UIColor+IWCColors.m"; path = "Categories/UIColor+IWCColors.m"; sourceTree = "<group>"; };
		66A7706C1BB4AA9100DD7A1B /* I Want Tea.app */ = {isa = PBXFileReference; explicitFileType = wrapper.application; includeInIndex = 0; path = "I Want Tea.app"; sourceTree = BUILT_PRODUCTS_DIR; };
		66A770701BB4AA9100DD7A1B /* main.m */ = {isa = PBXFileReference; lastKnownFileType = sourcecode.c.objc; path = main.m; sourceTree = "<group>"; };
		66A770721BB4AA9100DD7A1B /* AppDelegate.h */ = {isa = PBXFileReference; lastKnownFileType = sourcecode.c.h; path = AppDelegate.h; sourceTree = "<group>"; };
		66A770731BB4AA9100DD7A1B /* AppDelegate.m */ = {isa = PBXFileReference; lastKnownFileType = sourcecode.c.objc; path = AppDelegate.m; sourceTree = "<group>"; };
		66A770751BB4AA9100DD7A1B /* MapViewController.h */ = {isa = PBXFileReference; lastKnownFileType = sourcecode.c.h; name = MapViewController.h; path = "View Controllers/MapViewController.h"; sourceTree = "<group>"; };
		66A770761BB4AA9100DD7A1B /* MapViewController.m */ = {isa = PBXFileReference; lastKnownFileType = sourcecode.c.objc; name = MapViewController.m; path = "View Controllers/MapViewController.m"; sourceTree = "<group>"; };
		66A770791BB4AA9100DD7A1B /* Base */ = {isa = PBXFileReference; lastKnownFileType = file.storyboard; name = Base; path = Base.lproj/Main.storyboard; sourceTree = "<group>"; };
		66A7707B1BB4AA9100DD7A1B /* Assets.xcassets */ = {isa = PBXFileReference; lastKnownFileType = folder.assetcatalog; path = Assets.xcassets; sourceTree = "<group>"; };
		66A7707E1BB4AA9100DD7A1B /* Base */ = {isa = PBXFileReference; lastKnownFileType = file.storyboard; name = Base; path = Base.lproj/LaunchScreen.storyboard; sourceTree = "<group>"; };
		66A770801BB4AA9100DD7A1B /* Info.plist */ = {isa = PBXFileReference; lastKnownFileType = text.plist.xml; path = Info.plist; sourceTree = "<group>"; };
		66A770851BB4AA9100DD7A1B /* I Want Tea.xctest */ = {isa = PBXFileReference; explicitFileType = wrapper.cfbundle; includeInIndex = 0; path = "I Want Tea.xctest"; sourceTree = BUILT_PRODUCTS_DIR; };
		66A770891BB4AA9100DD7A1B /* I_Want_CoffeeTests.m */ = {isa = PBXFileReference; lastKnownFileType = sourcecode.c.objc; path = I_Want_CoffeeTests.m; sourceTree = "<group>"; };
		66A7708B1BB4AA9100DD7A1B /* Info.plist */ = {isa = PBXFileReference; lastKnownFileType = text.plist.xml; path = Info.plist; sourceTree = "<group>"; };
		66A770901BB4AA9100DD7A1B /* I Want Tea.xctest */ = {isa = PBXFileReference; explicitFileType = wrapper.cfbundle; includeInIndex = 0; path = "I Want Tea.xctest"; sourceTree = BUILT_PRODUCTS_DIR; };
		66A770941BB4AA9100DD7A1B /* I_Want_CoffeeUITests.m */ = {isa = PBXFileReference; lastKnownFileType = sourcecode.c.objc; path = I_Want_CoffeeUITests.m; sourceTree = "<group>"; };
		66A770961BB4AA9100DD7A1B /* Info.plist */ = {isa = PBXFileReference; lastKnownFileType = text.plist.xml; path = Info.plist; sourceTree = "<group>"; };
		66AA247D1BB60697004977C2 /* FoursquareResponseParser.h */ = {isa = PBXFileReference; fileEncoding = 4; lastKnownFileType = sourcecode.c.h; name = FoursquareResponseParser.h; path = Functional/FoursquareResponseParser.h; sourceTree = "<group>"; };
		66AA247E1BB60697004977C2 /* FoursquareResponseParser.m */ = {isa = PBXFileReference; fileEncoding = 4; lastKnownFileType = sourcecode.c.objc; name = FoursquareResponseParser.m; path = Functional/FoursquareResponseParser.m; sourceTree = "<group>"; };
		66AA24801BB606CA004977C2 /* IWCShop.h */ = {isa = PBXFileReference; fileEncoding = 4; lastKnownFileType = sourcecode.c.h; name = IWCShop.h; path = Models/IWCShop.h; sourceTree = "<group>"; };
		66AA24811BB606CA004977C2 /* IWCShop.m */ = {isa = PBXFileReference; fileEncoding = 4; lastKnownFileType = sourcecode.c.objc; name = IWCShop.m; path = Models/IWCShop.m; sourceTree = "<group>"; };
		66AA24841BB62A84004977C2 /* IWCMapAnnotation.h */ = {isa = PBXFileReference; fileEncoding = 4; lastKnownFileType = sourcecode.c.h; name = IWCMapAnnotation.h; path = Views/IWCMapAnnotation.h; sourceTree = "<group>"; };
		66AA24851BB62A84004977C2 /* IWCMapAnnotation.m */ = {isa = PBXFileReference; fileEncoding = 4; lastKnownFileType = sourcecode.c.objc; name = IWCMapAnnotation.m; path = Views/IWCMapAnnotation.m; sourceTree = "<group>"; };
		66AA24871BB62FB2004977C2 /* IWCShopDetailViewController.h */ = {isa = PBXFileReference; fileEncoding = 4; lastKnownFileType = sourcecode.c.h; name = IWCShopDetailViewController.h; path = "View Controllers/IWCShopDetailViewController.h"; sourceTree = "<group>"; };
		66AA24881BB62FB2004977C2 /* IWCShopDetailViewController.m */ = {isa = PBXFileReference; fileEncoding = 4; lastKnownFileType = sourcecode.c.objc; name = IWCShopDetailViewController.m; path = "View Controllers/IWCShopDetailViewController.m"; sourceTree = "<group>"; };
		66AA248D1BB74ADD004977C2 /* IWCDetailTableViewCell.h */ = {isa = PBXFileReference; fileEncoding = 4; lastKnownFileType = sourcecode.c.h; name = IWCDetailTableViewCell.h; path = Views/IWCDetailTableViewCell.h; sourceTree = "<group>"; };
		66AA248E1BB74ADD004977C2 /* IWCDetailTableViewCell.m */ = {isa = PBXFileReference; fileEncoding = 4; lastKnownFileType = sourcecode.c.objc; name = IWCDetailTableViewCell.m; path = Views/IWCDetailTableViewCell.m; sourceTree = "<group>"; };
		9DF25A270EE5B1E5C8F30C49 /* libPods-I Want Tea.a */ = {isa = PBXFileReference; explicitFileType = archive.ar; includeInIndex = 0; path = "libPods-I Want Tea.a"; sourceTree = BUILT_PRODUCTS_DIR; };
		E1777CF9FF784BB57F05BE80 /* Pods-I Want Tea.release.xcconfig */ = {isa = PBXFileReference; includeInIndex = 1; lastKnownFileType = text.xcconfig; name = "Pods-I Want Tea.release.xcconfig"; path = "Pods/Target Support Files/Pods-I Want Tea/Pods-I Want Tea.release.xcconfig"; sourceTree = "<group>"; };
/* End PBXFileReference section */

/* Begin PBXFrameworksBuildPhase section */
		66A770691BB4AA9100DD7A1B /* Frameworks */ = {
			isa = PBXFrameworksBuildPhase;
			buildActionMask = 2147483647;
			files = (
				88D1675A382C69009E73633F /* libPods-I Want Tea.a in Frameworks */,
			);
			runOnlyForDeploymentPostprocessing = 0;
		};
		66A770821BB4AA9100DD7A1B /* Frameworks */ = {
			isa = PBXFrameworksBuildPhase;
			buildActionMask = 2147483647;
			files = (
			);
			runOnlyForDeploymentPostprocessing = 0;
		};
		66A7708D1BB4AA9100DD7A1B /* Frameworks */ = {
			isa = PBXFrameworksBuildPhase;
			buildActionMask = 2147483647;
			files = (
			);
			runOnlyForDeploymentPostprocessing = 0;
		};
/* End PBXFrameworksBuildPhase section */

/* Begin PBXGroup section */
		4D8D1DA36BFA9F25AA7394B3 /* Pods */ = {
			isa = PBXGroup;
			children = (
				1E973B01876AB2E6BDCAD4DD /* Pods-I Want Tea.debug.xcconfig */,
				E1777CF9FF784BB57F05BE80 /* Pods-I Want Tea.release.xcconfig */,
			);
			name = Pods;
			sourceTree = "<group>";
		};
		66959EB81BB4B4DD00B4A1E5 /* View Controllers */ = {
			isa = PBXGroup;
			children = (
				66AA24871BB62FB2004977C2 /* IWCShopDetailViewController.h */,
				66AA24881BB62FB2004977C2 /* IWCShopDetailViewController.m */,
				66A770751BB4AA9100DD7A1B /* MapViewController.h */,
				66A770761BB4AA9100DD7A1B /* MapViewController.m */,
			);
			name = "View Controllers";
			sourceTree = "<group>";
		};
		66959EB91BB4B52400B4A1E5 /* Models */ = {
			isa = PBXGroup;
			children = (
				66959EBC1BB4B57C00B4A1E5 /* CurrentUser.h */,
				66959EBD1BB4B57C00B4A1E5 /* CurrentUser.m */,
				66AA24801BB606CA004977C2 /* IWCShop.h */,
				66AA24811BB606CA004977C2 /* IWCShop.m */,
			);
			name = Models;
			sourceTree = "<group>";
		};
		66959EC21BB4B9AA00B4A1E5 /* Other Controllers */ = {
			isa = PBXGroup;
			children = (
				66959EBF1BB4B9A600B4A1E5 /* IWCDataController.h */,
				66959EC01BB4B9A600B4A1E5 /* IWCDataController.m */,
				667658201EB0425900F708DC /* IWCNetworkRequestHandler.h */,
				667658211EB0425900F708DC /* IWCNetworkRequestHandler.m */,
			);
			name = "Other Controllers";
			sourceTree = "<group>";
		};
		66959F0B1BB4D61D00B4A1E5 /* Categories */ = {
			isa = PBXGroup;
			children = (
				66959F0C1BB4D62700B4A1E5 /* UIImage+ImageEffects.h */,
				66959F0D1BB4D62700B4A1E5 /* UIImage+ImageEffects.m */,
				66959F0F1BB4EB1400B4A1E5 /* UIColor+IWCColors.h */,
				66959F101BB4EB1400B4A1E5 /* UIColor+IWCColors.m */,
			);
			name = Categories;
			sourceTree = "<group>";
		};
		66A770631BB4AA9100DD7A1B = {
			isa = PBXGroup;
			children = (
				66A7706E1BB4AA9100DD7A1B /* I Want Tea */,
				66A770881BB4AA9100DD7A1B /* I Want TeaTests */,
				66A770931BB4AA9100DD7A1B /* I Want TeaUITests */,
				66A7706D1BB4AA9100DD7A1B /* Products */,
				4D8D1DA36BFA9F25AA7394B3 /* Pods */,
				9E4270ADB5B45D326419D62B /* Frameworks */,
			);
			sourceTree = "<group>";
		};
		66A7706D1BB4AA9100DD7A1B /* Products */ = {
			isa = PBXGroup;
			children = (
				66A7706C1BB4AA9100DD7A1B /* I Want Tea.app */,
				66A770851BB4AA9100DD7A1B /* I Want Tea.xctest */,
				66A770901BB4AA9100DD7A1B /* I Want Tea.xctest */,
			);
			name = Products;
			sourceTree = "<group>";
		};
		66A7706E1BB4AA9100DD7A1B /* I Want Tea */ = {
			isa = PBXGroup;
			children = (
				662D038C1BB78B6B0035AD9E /* Picture Attributions */,
				66A770721BB4AA9100DD7A1B /* AppDelegate.h */,
				66A770731BB4AA9100DD7A1B /* AppDelegate.m */,
				66AA247C1BB60672004977C2 /* Functional */,
				66959F0B1BB4D61D00B4A1E5 /* Categories */,
				66959EB91BB4B52400B4A1E5 /* Models */,
				66959EC21BB4B9AA00B4A1E5 /* Other Controllers */,
				66959EB81BB4B4DD00B4A1E5 /* View Controllers */,
				66AA24831BB62A54004977C2 /* Views */,
				66A770781BB4AA9100DD7A1B /* Main.storyboard */,
				66A7707B1BB4AA9100DD7A1B /* Assets.xcassets */,
				66A7707D1BB4AA9100DD7A1B /* LaunchScreen.storyboard */,
				66A770801BB4AA9100DD7A1B /* Info.plist */,
				66A7706F1BB4AA9100DD7A1B /* Supporting Files */,
			);
			path = "I Want Tea";
			sourceTree = "<group>";
		};
		66A7706F1BB4AA9100DD7A1B /* Supporting Files */ = {
			isa = PBXGroup;
			children = (
				66959EC51BB4D33400B4A1E5 /* Coffee.png */,
				66959F091BB4D55100B4A1E5 /* CoffeeArt.png */,
				66A770701BB4AA9100DD7A1B /* main.m */,
			);
			name = "Supporting Files";
			sourceTree = "<group>";
		};
		66A770881BB4AA9100DD7A1B /* I Want TeaTests */ = {
			isa = PBXGroup;
			children = (
				66A770891BB4AA9100DD7A1B /* I_Want_CoffeeTests.m */,
				66A7708B1BB4AA9100DD7A1B /* Info.plist */,
			);
			path = "I Want TeaTests";
			sourceTree = "<group>";
		};
		66A770931BB4AA9100DD7A1B /* I Want TeaUITests */ = {
			isa = PBXGroup;
			children = (
				66A770941BB4AA9100DD7A1B /* I_Want_CoffeeUITests.m */,
				66A770961BB4AA9100DD7A1B /* Info.plist */,
			);
			path = "I Want TeaUITests";
			sourceTree = "<group>";
		};
		66AA247C1BB60672004977C2 /* Functional */ = {
			isa = PBXGroup;
			children = (
				66AA247D1BB60697004977C2 /* FoursquareResponseParser.h */,
				66AA247E1BB60697004977C2 /* FoursquareResponseParser.m */,
				662D03891BB76BFE0035AD9E /* IWCAboutPageBuilder.h */,
				662D038A1BB76BFE0035AD9E /* IWCAboutPageBuilder.m */,
			);
			name = Functional;
			sourceTree = "<group>";
		};
		66AA24831BB62A54004977C2 /* Views */ = {
			isa = PBXGroup;
			children = (
				66AA248D1BB74ADD004977C2 /* IWCDetailTableViewCell.h */,
				66AA248E1BB74ADD004977C2 /* IWCDetailTableViewCell.m */,
				66AA24841BB62A84004977C2 /* IWCMapAnnotation.h */,
				66AA24851BB62A84004977C2 /* IWCMapAnnotation.m */,
			);
			name = Views;
			sourceTree = "<group>";
		};
		9E4270ADB5B45D326419D62B /* Frameworks */ = {
			isa = PBXGroup;
			children = (
				9DF25A270EE5B1E5C8F30C49 /* libPods-I Want Tea.a */,
			);
			name = Frameworks;
			sourceTree = "<group>";
		};
/* End PBXGroup section */

/* Begin PBXNativeTarget section */
		66A7706B1BB4AA9100DD7A1B /* I Want Tea */ = {
			isa = PBXNativeTarget;
			buildConfigurationList = 66A770991BB4AA9100DD7A1B /* Build configuration list for PBXNativeTarget "I Want Tea" */;
			buildPhases = (
				67657EAEF7D2F414D89BDA9C /* [CP] Check Pods Manifest.lock */,
				66A770681BB4AA9100DD7A1B /* Sources */,
				66A770691BB4AA9100DD7A1B /* Frameworks */,
				66A7706A1BB4AA9100DD7A1B /* Resources */,
				D4F12E9A4341698D880E7153 /* [CP] Embed Pods Frameworks */,
				1D324F681168E32E83798945 /* [CP] Copy Pods Resources */,
			);
			buildRules = (
			);
			dependencies = (
			);
			name = "I Want Tea";
			productName = "I Want Coffee";
			productReference = 66A7706C1BB4AA9100DD7A1B /* I Want Tea.app */;
			productType = "com.apple.product-type.application";
		};
		66A770841BB4AA9100DD7A1B /* I Want TeaTests */ = {
			isa = PBXNativeTarget;
			buildConfigurationList = 66A7709C1BB4AA9100DD7A1B /* Build configuration list for PBXNativeTarget "I Want TeaTests" */;
			buildPhases = (
				66A770811BB4AA9100DD7A1B /* Sources */,
				66A770821BB4AA9100DD7A1B /* Frameworks */,
				66A770831BB4AA9100DD7A1B /* Resources */,
			);
			buildRules = (
			);
			dependencies = (
				66A770871BB4AA9100DD7A1B /* PBXTargetDependency */,
			);
			name = "I Want TeaTests";
			productName = "I Want CoffeeTests";
			productReference = 66A770851BB4AA9100DD7A1B /* I Want Tea.xctest */;
			productType = "com.apple.product-type.bundle.unit-test";
		};
		66A7708F1BB4AA9100DD7A1B /* I Want TeaUITests */ = {
			isa = PBXNativeTarget;
			buildConfigurationList = 66A7709F1BB4AA9100DD7A1B /* Build configuration list for PBXNativeTarget "I Want TeaUITests" */;
			buildPhases = (
				66A7708C1BB4AA9100DD7A1B /* Sources */,
				66A7708D1BB4AA9100DD7A1B /* Frameworks */,
				66A7708E1BB4AA9100DD7A1B /* Resources */,
			);
			buildRules = (
			);
			dependencies = (
				66A770921BB4AA9100DD7A1B /* PBXTargetDependency */,
			);
			name = "I Want TeaUITests";
			productName = "I Want CoffeeUITests";
			productReference = 66A770901BB4AA9100DD7A1B /* I Want Tea.xctest */;
			productType = "com.apple.product-type.bundle.ui-testing";
		};
/* End PBXNativeTarget section */

/* Begin PBXProject section */
		66A770641BB4AA9100DD7A1B /* Project object */ = {
			isa = PBXProject;
			attributes = {
				LastUpgradeCheck = 0900;
				ORGANIZATIONNAME = "Adam Boyd";
				TargetAttributes = {
					66A7706B1BB4AA9100DD7A1B = {
						CreatedOnToolsVersion = 7.0;
						DevelopmentTeam = 6GHQ7P7EHA;
					};
					66A770841BB4AA9100DD7A1B = {
						CreatedOnToolsVersion = 7.0;
						TestTargetID = 66A7706B1BB4AA9100DD7A1B;
					};
					66A7708F1BB4AA9100DD7A1B = {
						CreatedOnToolsVersion = 7.0;
						TestTargetID = 66A7706B1BB4AA9100DD7A1B;
					};
				};
			};
			buildConfigurationList = 66A770671BB4AA9100DD7A1B /* Build configuration list for PBXProject "I Want Tea" */;
			compatibilityVersion = "Xcode 3.2";
			developmentRegion = English;
			hasScannedForEncodings = 0;
			knownRegions = (
				en,
				Base,
			);
			mainGroup = 66A770631BB4AA9100DD7A1B;
			productRefGroup = 66A7706D1BB4AA9100DD7A1B /* Products */;
			projectDirPath = "";
			projectRoot = "";
			targets = (
				66A7706B1BB4AA9100DD7A1B /* I Want Tea */,
				66A770841BB4AA9100DD7A1B /* I Want TeaTests */,
				66A7708F1BB4AA9100DD7A1B /* I Want TeaUITests */,
			);
		};
/* End PBXProject section */

/* Begin PBXResourcesBuildPhase section */
		66A7706A1BB4AA9100DD7A1B /* Resources */ = {
			isa = PBXResourcesBuildPhase;
			buildActionMask = 2147483647;
			files = (
				66A7707F1BB4AA9100DD7A1B /* LaunchScreen.storyboard in Resources */,
				66959F0A1BB4D55100B4A1E5 /* CoffeeArt.png in Resources */,
				66959EC61BB4D33400B4A1E5 /* Coffee.png in Resources */,
				66A7707C1BB4AA9100DD7A1B /* Assets.xcassets in Resources */,
				662D038D1BB78B6B0035AD9E /* Picture Attributions in Resources */,
				66A7707A1BB4AA9100DD7A1B /* Main.storyboard in Resources */,
			);
			runOnlyForDeploymentPostprocessing = 0;
		};
		66A770831BB4AA9100DD7A1B /* Resources */ = {
			isa = PBXResourcesBuildPhase;
			buildActionMask = 2147483647;
			files = (
			);
			runOnlyForDeploymentPostprocessing = 0;
		};
		66A7708E1BB4AA9100DD7A1B /* Resources */ = {
			isa = PBXResourcesBuildPhase;
			buildActionMask = 2147483647;
			files = (
			);
			runOnlyForDeploymentPostprocessing = 0;
		};
/* End PBXResourcesBuildPhase section */

/* Begin PBXShellScriptBuildPhase section */
		1D324F681168E32E83798945 /* [CP] Copy Pods Resources */ = {
			isa = PBXShellScriptBuildPhase;
			buildActionMask = 2147483647;
			files = (
			);
			inputPaths = (
			);
			name = "[CP] Copy Pods Resources";
			outputPaths = (
			);
			runOnlyForDeploymentPostprocessing = 0;
			shellPath = /bin/sh;
			shellScript = "\"${SRCROOT}/Pods/Target Support Files/Pods-I Want Tea/Pods-I Want Tea-resources.sh\"\n";
			showEnvVarsInLog = 0;
		};
		67657EAEF7D2F414D89BDA9C /* [CP] Check Pods Manifest.lock */ = {
			isa = PBXShellScriptBuildPhase;
			buildActionMask = 2147483647;
			files = (
			);
			inputPaths = (
				"${PODS_PODFILE_DIR_PATH}/Podfile.lock",
				"${PODS_ROOT}/Manifest.lock",
			);
			name = "[CP] Check Pods Manifest.lock";
			outputPaths = (
				"$(DERIVED_FILE_DIR)/Pods-I Want Tea-checkManifestLockResult.txt",
			);
			runOnlyForDeploymentPostprocessing = 0;
			shellPath = /bin/sh;
			shellScript = "diff \"${PODS_PODFILE_DIR_PATH}/Podfile.lock\" \"${PODS_ROOT}/Manifest.lock\" > /dev/null\nif [ $? != 0 ] ; then\n    # print error to STDERR\n    echo \"error: The sandbox is not in sync with the Podfile.lock. Run 'pod install' or update your CocoaPods installation.\" >&2\n    exit 1\nfi\n# This output is used by Xcode 'outputs' to avoid re-running this script phase.\necho \"SUCCESS\" > \"${SCRIPT_OUTPUT_FILE_0}\"\n";
			showEnvVarsInLog = 0;
		};
		D4F12E9A4341698D880E7153 /* [CP] Embed Pods Frameworks */ = {
			isa = PBXShellScriptBuildPhase;
			buildActionMask = 2147483647;
			files = (
			);
			inputPaths = (
			);
			name = "[CP] Embed Pods Frameworks";
			outputPaths = (
			);
			runOnlyForDeploymentPostprocessing = 0;
			shellPath = /bin/sh;
			shellScript = "\"${SRCROOT}/Pods/Target Support Files/Pods-I Want Tea/Pods-I Want Tea-frameworks.sh\"\n";
			showEnvVarsInLog = 0;
		};
/* End PBXShellScriptBuildPhase section */

/* Begin PBXSourcesBuildPhase section */
		66A770681BB4AA9100DD7A1B /* Sources */ = {
			isa = PBXSourcesBuildPhase;
			buildActionMask = 2147483647;
			files = (
				66AA248F1BB74ADE004977C2 /* IWCDetailTableViewCell.m in Sources */,
				66959EC11BB4B9A600B4A1E5 /* IWCDataController.m in Sources */,
				66AA24891BB62FB2004977C2 /* IWCShopDetailViewController.m in Sources */,
				66AA24861BB62A84004977C2 /* IWCMapAnnotation.m in Sources */,
				66A770771BB4AA9100DD7A1B /* MapViewController.m in Sources */,
				66959F0E1BB4D62700B4A1E5 /* UIImage+ImageEffects.m in Sources */,
				662D038B1BB76BFE0035AD9E /* IWCAboutPageBuilder.m in Sources */,
				66A770741BB4AA9100DD7A1B /* AppDelegate.m in Sources */,
				66AA24821BB606CA004977C2 /* IWCShop.m in Sources */,
				66959EBE1BB4B57C00B4A1E5 /* CurrentUser.m in Sources */,
				667658221EB0425900F708DC /* IWCNetworkRequestHandler.m in Sources */,
				66A770711BB4AA9100DD7A1B /* main.m in Sources */,
				66AA247F1BB60697004977C2 /* FoursquareResponseParser.m in Sources */,
				66959F111BB4EB1400B4A1E5 /* UIColor+IWCColors.m in Sources */,
			);
			runOnlyForDeploymentPostprocessing = 0;
		};
		66A770811BB4AA9100DD7A1B /* Sources */ = {
			isa = PBXSourcesBuildPhase;
			buildActionMask = 2147483647;
			files = (
				66A7708A1BB4AA9100DD7A1B /* I_Want_CoffeeTests.m in Sources */,
			);
			runOnlyForDeploymentPostprocessing = 0;
		};
		66A7708C1BB4AA9100DD7A1B /* Sources */ = {
			isa = PBXSourcesBuildPhase;
			buildActionMask = 2147483647;
			files = (
				66A770951BB4AA9100DD7A1B /* I_Want_CoffeeUITests.m in Sources */,
			);
			runOnlyForDeploymentPostprocessing = 0;
		};
/* End PBXSourcesBuildPhase section */

/* Begin PBXTargetDependency section */
		66A770871BB4AA9100DD7A1B /* PBXTargetDependency */ = {
			isa = PBXTargetDependency;
			target = 66A7706B1BB4AA9100DD7A1B /* I Want Tea */;
			targetProxy = 66A770861BB4AA9100DD7A1B /* PBXContainerItemProxy */;
		};
		66A770921BB4AA9100DD7A1B /* PBXTargetDependency */ = {
			isa = PBXTargetDependency;
			target = 66A7706B1BB4AA9100DD7A1B /* I Want Tea */;
			targetProxy = 66A770911BB4AA9100DD7A1B /* PBXContainerItemProxy */;
		};
/* End PBXTargetDependency section */

/* Begin PBXVariantGroup section */
		66A770781BB4AA9100DD7A1B /* Main.storyboard */ = {
			isa = PBXVariantGroup;
			children = (
				66A770791BB4AA9100DD7A1B /* Base */,
			);
			name = Main.storyboard;
			sourceTree = "<group>";
		};
		66A7707D1BB4AA9100DD7A1B /* LaunchScreen.storyboard */ = {
			isa = PBXVariantGroup;
			children = (
				66A7707E1BB4AA9100DD7A1B /* Base */,
			);
			name = LaunchScreen.storyboard;
			sourceTree = "<group>";
		};
/* End PBXVariantGroup section */

/* Begin XCBuildConfiguration section */
		66A770971BB4AA9100DD7A1B /* Debug */ = {
			isa = XCBuildConfiguration;
			buildSettings = {
				ALWAYS_SEARCH_USER_PATHS = NO;
				CLANG_CXX_LANGUAGE_STANDARD = "gnu++0x";
				CLANG_CXX_LIBRARY = "libc++";
				CLANG_ENABLE_MODULES = YES;
				CLANG_ENABLE_OBJC_ARC = YES;
				CLANG_WARN_BLOCK_CAPTURE_AUTORELEASING = YES;
				CLANG_WARN_BOOL_CONVERSION = YES;
				CLANG_WARN_COMMA = YES;
				CLANG_WARN_CONSTANT_CONVERSION = YES;
				CLANG_WARN_DIRECT_OBJC_ISA_USAGE = YES_ERROR;
				CLANG_WARN_EMPTY_BODY = YES;
				CLANG_WARN_ENUM_CONVERSION = YES;
				CLANG_WARN_INFINITE_RECURSION = YES;
				CLANG_WARN_INT_CONVERSION = YES;
				CLANG_WARN_NON_LITERAL_NULL_CONVERSION = YES;
				CLANG_WARN_OBJC_LITERAL_CONVERSION = YES;
				CLANG_WARN_OBJC_ROOT_CLASS = YES_ERROR;
				CLANG_WARN_RANGE_LOOP_ANALYSIS = YES;
				CLANG_WARN_STRICT_PROTOTYPES = YES;
				CLANG_WARN_SUSPICIOUS_MOVE = YES;
				CLANG_WARN_UNREACHABLE_CODE = YES;
				CLANG_WARN__DUPLICATE_METHOD_MATCH = YES;
				"CODE_SIGN_IDENTITY[sdk=iphoneos*]" = "iPhone Developer";
				COPY_PHASE_STRIP = NO;
				DEBUG_INFORMATION_FORMAT = dwarf;
				ENABLE_STRICT_OBJC_MSGSEND = YES;
				ENABLE_TESTABILITY = YES;
				GCC_C_LANGUAGE_STANDARD = gnu99;
				GCC_DYNAMIC_NO_PIC = NO;
				GCC_NO_COMMON_BLOCKS = YES;
				GCC_OPTIMIZATION_LEVEL = 0;
				GCC_PREPROCESSOR_DEFINITIONS = (
					"DEBUG=1",
					"$(inherited)",
				);
				GCC_WARN_64_TO_32_BIT_CONVERSION = YES;
				GCC_WARN_ABOUT_RETURN_TYPE = YES_ERROR;
				GCC_WARN_UNDECLARED_SELECTOR = YES;
				GCC_WARN_UNINITIALIZED_AUTOS = YES_AGGRESSIVE;
				GCC_WARN_UNUSED_FUNCTION = YES;
				GCC_WARN_UNUSED_VARIABLE = YES;
				IPHONEOS_DEPLOYMENT_TARGET = 9.0;
				MTL_ENABLE_DEBUG_INFO = YES;
				ONLY_ACTIVE_ARCH = YES;
				SDKROOT = iphoneos;
				TARGETED_DEVICE_FAMILY = "1,2";
			};
			name = Debug;
		};
		66A770981BB4AA9100DD7A1B /* Release */ = {
			isa = XCBuildConfiguration;
			buildSettings = {
				ALWAYS_SEARCH_USER_PATHS = NO;
				CLANG_CXX_LANGUAGE_STANDARD = "gnu++0x";
				CLANG_CXX_LIBRARY = "libc++";
				CLANG_ENABLE_MODULES = YES;
				CLANG_ENABLE_OBJC_ARC = YES;
				CLANG_WARN_BLOCK_CAPTURE_AUTORELEASING = YES;
				CLANG_WARN_BOOL_CONVERSION = YES;
				CLANG_WARN_COMMA = YES;
				CLANG_WARN_CONSTANT_CONVERSION = YES;
				CLANG_WARN_DIRECT_OBJC_ISA_USAGE = YES_ERROR;
				CLANG_WARN_EMPTY_BODY = YES;
				CLANG_WARN_ENUM_CONVERSION = YES;
				CLANG_WARN_INFINITE_RECURSION = YES;
				CLANG_WARN_INT_CONVERSION = YES;
				CLANG_WARN_NON_LITERAL_NULL_CONVERSION = YES;
				CLANG_WARN_OBJC_LITERAL_CONVERSION = YES;
				CLANG_WARN_OBJC_ROOT_CLASS = YES_ERROR;
				CLANG_WARN_RANGE_LOOP_ANALYSIS = YES;
				CLANG_WARN_STRICT_PROTOTYPES = YES;
				CLANG_WARN_SUSPICIOUS_MOVE = YES;
				CLANG_WARN_UNREACHABLE_CODE = YES;
				CLANG_WARN__DUPLICATE_METHOD_MATCH = YES;
				"CODE_SIGN_IDENTITY[sdk=iphoneos*]" = "iPhone Developer";
				COPY_PHASE_STRIP = NO;
				DEBUG_INFORMATION_FORMAT = "dwarf-with-dsym";
				ENABLE_NS_ASSERTIONS = NO;
				ENABLE_STRICT_OBJC_MSGSEND = YES;
				GCC_C_LANGUAGE_STANDARD = gnu99;
				GCC_NO_COMMON_BLOCKS = YES;
				GCC_WARN_64_TO_32_BIT_CONVERSION = YES;
				GCC_WARN_ABOUT_RETURN_TYPE = YES_ERROR;
				GCC_WARN_UNDECLARED_SELECTOR = YES;
				GCC_WARN_UNINITIALIZED_AUTOS = YES_AGGRESSIVE;
				GCC_WARN_UNUSED_FUNCTION = YES;
				GCC_WARN_UNUSED_VARIABLE = YES;
				IPHONEOS_DEPLOYMENT_TARGET = 9.0;
				MTL_ENABLE_DEBUG_INFO = NO;
				SDKROOT = iphoneos;
				TARGETED_DEVICE_FAMILY = "1,2";
				VALIDATE_PRODUCT = YES;
			};
			name = Release;
		};
		66A7709A1BB4AA9100DD7A1B /* Debug */ = {
			isa = XCBuildConfiguration;
			baseConfigurationReference = 1E973B01876AB2E6BDCAD4DD /* Pods-I Want Tea.debug.xcconfig */;
			buildSettings = {
				ASSETCATALOG_COMPILER_APPICON_NAME = AppIcon;
				CODE_SIGN_IDENTITY = "iPhone Developer";
				INFOPLIST_FILE = "$(SRCROOT)/I Want Tea/Info.plist";
				IPHONEOS_DEPLOYMENT_TARGET = 9.0;
				LD_RUNPATH_SEARCH_PATHS = "$(inherited) @executable_path/Frameworks";
				PRODUCT_BUNDLE_IDENTIFIER = "Adam-Boyd.I-Want-Tea";
				PRODUCT_NAME = "I Want Tea";
			};
			name = Debug;
		};
		66A7709B1BB4AA9100DD7A1B /* Release */ = {
			isa = XCBuildConfiguration;
			baseConfigurationReference = E1777CF9FF784BB57F05BE80 /* Pods-I Want Tea.release.xcconfig */;
			buildSettings = {
				ASSETCATALOG_COMPILER_APPICON_NAME = AppIcon;
				CODE_SIGN_IDENTITY = "iPhone Developer";
				INFOPLIST_FILE = "$(SRCROOT)/I Want Tea/Info.plist";
				IPHONEOS_DEPLOYMENT_TARGET = 9.0;
				LD_RUNPATH_SEARCH_PATHS = "$(inherited) @executable_path/Frameworks";
				PRODUCT_BUNDLE_IDENTIFIER = "Adam-Boyd.I-Want-Tea";
				PRODUCT_NAME = "I Want Tea";
			};
			name = Release;
		};
		66A7709D1BB4AA9100DD7A1B /* Debug */ = {
			isa = XCBuildConfiguration;
			buildSettings = {
				BUNDLE_LOADER = "$(TEST_HOST)";
				INFOPLIST_FILE = "I Want CoffeeTests/Info.plist";
				LD_RUNPATH_SEARCH_PATHS = "$(inherited) @executable_path/Frameworks @loader_path/Frameworks";
				PRODUCT_BUNDLE_IDENTIFIER = "Adam-Boyd.I-Want-CoffeeTests";
				PRODUCT_NAME = "I Want Tea";
				TEST_HOST = "$(BUILT_PRODUCTS_DIR)/I Want Tea.app/I Want Tea";
			};
			name = Debug;
		};
		66A7709E1BB4AA9100DD7A1B /* Release */ = {
			isa = XCBuildConfiguration;
			buildSettings = {
				BUNDLE_LOADER = "$(TEST_HOST)";
				INFOPLIST_FILE = "I Want CoffeeTests/Info.plist";
				LD_RUNPATH_SEARCH_PATHS = "$(inherited) @executable_path/Frameworks @loader_path/Frameworks";
				PRODUCT_BUNDLE_IDENTIFIER = "Adam-Boyd.I-Want-CoffeeTests";
				PRODUCT_NAME = "I Want Tea";
				TEST_HOST = "$(BUILT_PRODUCTS_DIR)/I Want Tea.app/I Want Tea";
			};
			name = Release;
		};
		66A770A01BB4AA9100DD7A1B /* Debug */ = {
			isa = XCBuildConfiguration;
			buildSettings = {
				INFOPLIST_FILE = "I Want CoffeeUITests/Info.plist";
				LD_RUNPATH_SEARCH_PATHS = "$(inherited) @executable_path/Frameworks @loader_path/Frameworks";
				PRODUCT_BUNDLE_IDENTIFIER = "Adam-Boyd.I-Want-CoffeeUITests";
				PRODUCT_NAME = "I Want Tea";
				TEST_TARGET_NAME = "I Want Coffee";
				USES_XCTRUNNER = YES;
			};
			name = Debug;
		};
		66A770A11BB4AA9100DD7A1B /* Release */ = {
			isa = XCBuildConfiguration;
			buildSettings = {
				INFOPLIST_FILE = "I Want CoffeeUITests/Info.plist";
				LD_RUNPATH_SEARCH_PATHS = "$(inherited) @executable_path/Frameworks @loader_path/Frameworks";
				PRODUCT_BUNDLE_IDENTIFIER = "Adam-Boyd.I-Want-CoffeeUITests";
				PRODUCT_NAME = "I Want Tea";
				TEST_TARGET_NAME = "I Want Coffee";
				USES_XCTRUNNER = YES;
			};
			name = Release;
		};
/* End XCBuildConfiguration section */

/* Begin XCConfigurationList section */
		66A770671BB4AA9100DD7A1B /* Build configuration list for PBXProject "I Want Tea" */ = {
			isa = XCConfigurationList;
			buildConfigurations = (
				66A770971BB4AA9100DD7A1B /* Debug */,
				66A770981BB4AA9100DD7A1B /* Release */,
			);
			defaultConfigurationIsVisible = 0;
			defaultConfigurationName = Release;
		};
		66A770991BB4AA9100DD7A1B /* Build configuration list for PBXNativeTarget "I Want Tea" */ = {
			isa = XCConfigurationList;
			buildConfigurations = (
				66A7709A1BB4AA9100DD7A1B /* Debug */,
				66A7709B1BB4AA9100DD7A1B /* Release */,
			);
			defaultConfigurationIsVisible = 0;
			defaultConfigurationName = Release;
		};
		66A7709C1BB4AA9100DD7A1B /* Build configuration list for PBXNativeTarget "I Want TeaTests" */ = {
			isa = XCConfigurationList;
			buildConfigurations = (
				66A7709D1BB4AA9100DD7A1B /* Debug */,
				66A7709E1BB4AA9100DD7A1B /* Release */,
			);
			defaultConfigurationIsVisible = 0;
			defaultConfigurationName = Release;
		};
		66A7709F1BB4AA9100DD7A1B /* Build configuration list for PBXNativeTarget "I Want TeaUITests" */ = {
			isa = XCConfigurationList;
			buildConfigurations = (
				66A770A01BB4AA9100DD7A1B /* Debug */,
				66A770A11BB4AA9100DD7A1B /* Release */,
			);
			defaultConfigurationIsVisible = 0;
			defaultConfigurationName = Release;
		};
/* End XCConfigurationList section */
	};
	rootObject = 66A770641BB4AA9100DD7A1B /* Project object */;
}
